
Microsoft Visual Studio Solution File, Format Version 12.00
# Visual Studio Version 16
VisualStudioVersion = 16.0.29509.3
MinimumVisualStudioVersion = 10.0.40219.1
Project("{FAE04EC0-301F-11D3-BF4B-00C04F79EFBC}") = "DemoCollectionView.Android", "DemoCollectionView\DemoCollectionView.Android\DemoCollectionView.Android.csproj", "{008F55CB-EAAF-46EE-90B5-EC958BA92388}"
EndProject
Project("{FAE04EC0-301F-11D3-BF4B-00C04F79EFBC}") = "DemoCollectionView.iOS", "DemoCollectionView\DemoCollectionView.iOS\DemoCollectionView.iOS.csproj", "{72157373-0756-4301-AE11-9A912015D0CC}"
EndProject
Project("{FAE04EC0-301F-11D3-BF4B-00C04F79EFBC}") = "DemoCollectionView", "DemoCollectionView\DemoCollectionView\DemoCollectionView.csproj", "{BDCAF961-8010-4088-B2A1-CF92E3821D37}"
EndProject
Global
	GlobalSection(SolutionConfigurationPlatforms) = preSolution
		Debug|Any CPU = Debug|Any CPU
		Debug|iPhone = Debug|iPhone
		Debug|iPhoneSimulator = Debug|iPhoneSimulator
		Release|Any CPU = Release|Any CPU
		Release|iPhone = Release|iPhone
		Release|iPhoneSimulator = Release|iPhoneSimulator
	EndGlobalSection
	GlobalSection(ProjectConfigurationPlatforms) = postSolution
		{008F55CB-EAAF-46EE-90B5-EC958BA92388}.Debug|Any CPU.ActiveCfg = Debug|Any CPU
		{008F55CB-EAAF-46EE-90B5-EC958BA92388}.Debug|Any CPU.Build.0 = Debug|Any CPU
		{008F55CB-EAAF-46EE-90B5-EC958BA92388}.Debug|Any CPU.Deploy.0 = Debug|Any CPU
		{008F55CB-EAAF-46EE-90B5-EC958BA92388}.Debug|iPhone.ActiveCfg = Debug|Any CPU
		{008F55CB-EAAF-46EE-90B5-EC958BA92388}.Debug|iPhone.Build.0 = Debug|Any CPU
		{008F55CB-EAAF-46EE-90B5-EC958BA92388}.Debug|iPhone.Deploy.0 = Debug|Any CPU
		{008F55CB-EAAF-46EE-90B5-EC958BA92388}.Debug|iPhoneSimulator.ActiveCfg = Debug|Any CPU
		{008F55CB-EAAF-46EE-90B5-EC958BA92388}.Debug|iPhoneSimulator.Build.0 = Debug|Any CPU
		{008F55CB-EAAF-46EE-90B5-EC958BA92388}.Debug|iPhoneSimulator.Deploy.0 = Debug|Any CPU
		{008F55CB-EAAF-46EE-90B5-EC958BA92388}.Release|Any CPU.ActiveCfg = Release|Any CPU
		{008F55CB-EAAF-46EE-90B5-EC958BA92388}.Release|Any CPU.Build.0 = Release|Any CPU
		{008F55CB-EAAF-46EE-90B5-EC958BA92388}.Release|Any CPU.Deploy.0 = Release|Any CPU
		{008F55CB-EAAF-46EE-90B5-EC958BA92388}.Release|iPhone.ActiveCfg = Release|Any CPU
		{008F55CB-EAAF-46EE-90B5-EC958BA92388}.Release|iPhone.Build.0 = Release|Any CPU
		{008F55CB-EAAF-46EE-90B5-EC958BA92388}.Release|iPhone.Deploy.0 = Release|Any CPU
		{008F55CB-EAAF-46EE-90B5-EC958BA92388}.Release|iPhoneSimulator.ActiveCfg = Release|Any CPU
		{008F55CB-EAAF-46EE-90B5-EC958BA92388}.Release|iPhoneSimulator.Build.0 = Release|Any CPU
		{008F55CB-EAAF-46EE-90B5-EC958BA92388}.Release|iPhoneSimulator.Deploy.0 = Release|Any CPU
		{72157373-0756-4301-AE11-9A912015D0CC}.Debug|Any CPU.ActiveCfg = Debug|iPhoneSimulator
		{72157373-0756-4301-AE11-9A912015D0CC}.Debug|Any CPU.Build.0 = Debug|iPhoneSimulator
		{72157373-0756-4301-AE11-9A912015D0CC}.Debug|Any CPU.Deploy.0 = Debug|iPhoneSimulator
		{72157373-0756-4301-AE11-9A912015D0CC}.Debug|iPhone.ActiveCfg = Debug|iPhone
		{72157373-0756-4301-AE11-9A912015D0CC}.Debug|iPhone.Build.0 = Debug|iPhone
		{72157373-0756-4301-AE11-9A912015D0CC}.Debug|iPhone.Deploy.0 = Debug|iPhone
		{72157373-0756-4301-AE11-9A912015D0CC}.Debug|iPhoneSimulator.ActiveCfg = Debug|iPhoneSimulator
		{72157373-0756-4301-AE11-9A912015D0CC}.Debug|iPhoneSimulator.Build.0 = Debug|iPhoneSimulator
		{72157373-0756-4301-AE11-9A912015D0CC}.Debug|iPhoneSimulator.Deploy.0 = Debug|iPhoneSimulator
		{72157373-0756-4301-AE11-9A912015D0CC}.Release|Any CPU.ActiveCfg = Release|iPhone
		{72157373-0756-4301-AE11-9A912015D0CC}.Release|Any CPU.Build.0 = Release|iPhone
		{72157373-0756-4301-AE11-9A912015D0CC}.Release|Any CPU.Deploy.0 = Release|iPhone
		{72157373-0756-4301-AE11-9A912015D0CC}.Release|iPhone.ActiveCfg = Release|iPhone
		{72157373-0756-4301-AE11-9A912015D0CC}.Release|iPhone.Build.0 = Release|iPhone
		{72157373-0756-4301-AE11-9A912015D0CC}.Release|iPhone.Deploy.0 = Release|iPhone
		{72157373-0756-4301-AE11-9A912015D0CC}.Release|iPhoneSimulator.ActiveCfg = Release|iPhoneSimulator
		{72157373-0756-4301-AE11-9A912015D0CC}.Release|iPhoneSimulator.Build.0 = Release|iPhoneSimulator
		{72157373-0756-4301-AE11-9A912015D0CC}.Release|iPhoneSimulator.Deploy.0 = Release|iPhoneSimulator
		{BDCAF961-8010-4088-B2A1-CF92E3821D37}.Debug|Any CPU.ActiveCfg = Debug|Any CPU
		{BDCAF961-8010-4088-B2A1-CF92E3821D37}.Debug|Any CPU.Build.0 = Debug|Any CPU
		{BDCAF961-8010-4088-B2A1-CF92E3821D37}.Debug|Any CPU.Deploy.0 = Debug|Any CPU
		{BDCAF961-8010-4088-B2A1-CF92E3821D37}.Debug|iPhone.ActiveCfg = Debug|Any CPU
		{BDCAF961-8010-4088-B2A1-CF92E3821D37}.Debug|iPhone.Build.0 = Debug|Any CPU
		{BDCAF961-8010-4088-B2A1-CF92E3821D37}.Debug|iPhone.Deploy.0 = Debug|Any CPU
		{BDCAF961-8010-4088-B2A1-CF92E3821D37}.Debug|iPhoneSimulator.ActiveCfg = Debug|Any CPU
		{BDCAF961-8010-4088-B2A1-CF92E3821D37}.Debug|iPhoneSimulator.Build.0 = Debug|Any CPU
		{BDCAF961-8010-4088-B2A1-CF92E3821D37}.Debug|iPhoneSimulator.Deploy.0 = Debug|Any CPU
		{BDCAF961-8010-4088-B2A1-CF92E3821D37}.Release|Any CPU.ActiveCfg = Release|Any CPU
		{BDCAF961-8010-4088-B2A1-CF92E3821D37}.Release|Any CPU.Build.0 = Release|Any CPU
		{BDCAF961-8010-4088-B2A1-CF92E3821D37}.Release|Any CPU.Deploy.0 = Release|Any CPU
		{BDCAF961-8010-4088-B2A1-CF92E3821D37}.Release|iPhone.ActiveCfg = Release|Any CPU
		{BDCAF961-8010-4088-B2A1-CF92E3821D37}.Release|iPhone.Build.0 = Release|Any CPU
		{BDCAF961-8010-4088-B2A1-CF92E3821D37}.Release|iPhone.Deploy.0 = Release|Any CPU
		{BDCAF961-8010-4088-B2A1-CF92E3821D37}.Release|iPhoneSimulator.ActiveCfg = Release|Any CPU
		{BDCAF961-8010-4088-B2A1-CF92E3821D37}.Release|iPhoneSimulator.Build.0 = Release|Any CPU
		{BDCAF961-8010-4088-B2A1-CF92E3821D37}.Release|iPhoneSimulator.Deploy.0 = Release|Any CPU
	EndGlobalSection
	GlobalSection(SolutionProperties) = preSolution
		HideSolutionNode = FALSE
	EndGlobalSection
	GlobalSection(ExtensibilityGlobals) = postSolution
		SolutionGuid = {A834B6CD-43EE-46E8-AF1C-8957B8CF209E}
	EndGlobalSection
EndGlobal
